// !$*UTF8*$!
{
	archiveVersion = 1;
	classes = {
	};
	objectVersion = 55;
	objects = {

/* Begin PBXBuildFile section */
		2E8FD0A17D47B69A519602C5 /* Pods_FlutterApp.framework in Frameworks */ = {isa = PBXBuildFile; fileRef = D242D12C86DA3D9761B5F6DE /* Pods_FlutterApp.framework */; };
		C949D2772751076200A32DCE /* AppDelegate.swift in Sources */ = {isa = PBXBuildFile; fileRef = C949D2762751076200A32DCE /* AppDelegate.swift */; };
		C949D27B2751076200A32DCE /* EXAppViewController.swift in Sources */ = {isa = PBXBuildFile; fileRef = C949D27A2751076200A32DCE /* EXAppViewController.swift */; };
		C949D27E2751076200A32DCE /* Main.storyboard in Resources */ = {isa = PBXBuildFile; fileRef = C949D27C2751076200A32DCE /* Main.storyboard */; };
		C949D2802751076300A32DCE /* Assets.xcassets in Resources */ = {isa = PBXBuildFile; fileRef = C949D27F2751076300A32DCE /* Assets.xcassets */; };
		C949D2832751076300A32DCE /* LaunchScreen.storyboard in Resources */ = {isa = PBXBuildFile; fileRef = C949D2812751076300A32DCE /* LaunchScreen.storyboard */; };
/* End PBXBuildFile section */

/* Begin PBXFileReference section */
		771799C6C858FE15E0A21D1D /* Pods-FlutterApp.debug.xcconfig */ = {isa = PBXFileReference; includeInIndex = 1; lastKnownFileType = text.xcconfig; name = "Pods-FlutterApp.debug.xcconfig"; path = "Target Support Files/Pods-FlutterApp/Pods-FlutterApp.debug.xcconfig"; sourceTree = "<group>"; };
		C949D2732751076200A32DCE /* FlutterApp.app */ = {isa = PBXFileReference; explicitFileType = wrapper.application; includeInIndex = 0; path = FlutterApp.app; sourceTree = BUILT_PRODUCTS_DIR; };
		C949D2762751076200A32DCE /* AppDelegate.swift */ = {isa = PBXFileReference; lastKnownFileType = sourcecode.swift; path = AppDelegate.swift; sourceTree = "<group>"; };
		C949D27A2751076200A32DCE /* EXAppViewController.swift */ = {isa = PBXFileReference; lastKnownFileType = sourcecode.swift; path = EXAppViewController.swift; sourceTree = "<group>"; };
		C949D27D2751076200A32DCE /* Base */ = {isa = PBXFileReference; lastKnownFileType = file.storyboard; name = Base; path = Base.lproj/Main.storyboard; sourceTree = "<group>"; };
		C949D27F2751076300A32DCE /* Assets.xcassets */ = {isa = PBXFileReference; lastKnownFileType = folder.assetcatalog; path = Assets.xcassets; sourceTree = "<group>"; };
		C949D2822751076300A32DCE /* Base */ = {isa = PBXFileReference; lastKnownFileType = file.storyboard; name = Base; path = Base.lproj/LaunchScreen.storyboard; sourceTree = "<group>"; };
		C949D2842751076300A32DCE /* Info.plist */ = {isa = PBXFileReference; lastKnownFileType = text.plist.xml; path = Info.plist; sourceTree = "<group>"; };
		D242D12C86DA3D9761B5F6DE /* Pods_FlutterApp.framework */ = {isa = PBXFileReference; explicitFileType = wrapper.framework; includeInIndex = 0; path = Pods_FlutterApp.framework; sourceTree = BUILT_PRODUCTS_DIR; };
		F70F9CC084D0A4FE46059C00 /* Pods-FlutterApp.release.xcconfig */ = {isa = PBXFileReference; includeInIndex = 1; lastKnownFileType = text.xcconfig; name = "Pods-FlutterApp.release.xcconfig"; path = "Target Support Files/Pods-FlutterApp/Pods-FlutterApp.release.xcconfig"; sourceTree = "<group>"; };
/* End PBXFileReference section */

/* Begin PBXFrameworksBuildPhase section */
		C949D2702751076200A32DCE /* Frameworks */ = {
			isa = PBXFrameworksBuildPhase;
			buildActionMask = 2147483647;
			files = (
				2E8FD0A17D47B69A519602C5 /* Pods_FlutterApp.framework in Frameworks */,
			);
			runOnlyForDeploymentPostprocessing = 0;
		};
/* End PBXFrameworksBuildPhase section */

/* Begin PBXGroup section */
		1C40B2A2B2311F17ADCFD5F6 /* Frameworks */ = {
			isa = PBXGroup;
			children = (
				D242D12C86DA3D9761B5F6DE /* Pods_FlutterApp.framework */,
			);
			name = Frameworks;
			sourceTree = "<group>";
		};
		920FFACCE560C5E951FD942E /* Pods */ = {
			isa = PBXGroup;
			children = (
				771799C6C858FE15E0A21D1D /* Pods-FlutterApp.debug.xcconfig */,
				F70F9CC084D0A4FE46059C00 /* Pods-FlutterApp.release.xcconfig */,
			);
			path = Pods;
			sourceTree = "<group>";
		};
		C949D26A2751076200A32DCE = {
			isa = PBXGroup;
			children = (
				C949D2752751076200A32DCE /* FlutterApp */,
				C949D2742751076200A32DCE /* Products */,
				920FFACCE560C5E951FD942E /* Pods */,
				1C40B2A2B2311F17ADCFD5F6 /* Frameworks */,
			);
			sourceTree = "<group>";
		};
		C949D2742751076200A32DCE /* Products */ = {
			isa = PBXGroup;
			children = (
				C949D2732751076200A32DCE /* FlutterApp.app */,
			);
			name = Products;
			sourceTree = "<group>";
		};
		C949D2752751076200A32DCE /* FlutterApp */ = {
			isa = PBXGroup;
			children = (
				C949D2762751076200A32DCE /* AppDelegate.swift */,
				C949D27A2751076200A32DCE /* EXAppViewController.swift */,
				C949D27C2751076200A32DCE /* Main.storyboard */,
				C949D27F2751076300A32DCE /* Assets.xcassets */,
				C949D2812751076300A32DCE /* LaunchScreen.storyboard */,
				C949D2842751076300A32DCE /* Info.plist */,
			);
			path = FlutterApp;
			sourceTree = "<group>";
		};
/* End PBXGroup section */

/* Begin PBXNativeTarget section */
		C949D2722751076200A32DCE /* FlutterApp */ = {
			isa = PBXNativeTarget;
			buildConfigurationList = C949D29D2751076300A32DCE /* Build configuration list for PBXNativeTarget "FlutterApp" */;
			buildPhases = (
				F05D6B58272B80D488C993B2 /* [CP] Check Pods Manifest.lock */,
				C9AEC8FA8E5DB8C3789307A9 /* [CP-User] Run Flutter Build flutter_module Script */,
				C949D26F2751076200A32DCE /* Sources */,
				C949D2702751076200A32DCE /* Frameworks */,
				C949D2712751076200A32DCE /* Resources */,
				735390394FB54869D72D7EF3 /* [CP] Embed Pods Frameworks */,
			);
			buildRules = (
			);
			dependencies = (
			);
			name = FlutterApp;
			productName = FlutterApp;
			productReference = C949D2732751076200A32DCE /* FlutterApp.app */;
			productType = "com.apple.product-type.application";
		};
/* End PBXNativeTarget section */

/* Begin PBXProject section */
		C949D26B2751076200A32DCE /* Project object */ = {
			isa = PBXProject;
			attributes = {
				BuildIndependentTargetsInParallel = 1;
				LastSwiftUpdateCheck = 1310;
				LastUpgradeCheck = 1310;
				TargetAttributes = {
					C949D2722751076200A32DCE = {
						CreatedOnToolsVersion = 13.1;
					};
				};
			};
			buildConfigurationList = C949D26E2751076200A32DCE /* Build configuration list for PBXProject "FlutterApp" */;
			compatibilityVersion = "Xcode 13.0";
			developmentRegion = en;
			hasScannedForEncodings = 0;
			knownRegions = (
				en,
				Base,
			);
			mainGroup = C949D26A2751076200A32DCE;
			productRefGroup = C949D2742751076200A32DCE /* Products */;
			projectDirPath = "";
			projectRoot = "";
			targets = (
				C949D2722751076200A32DCE /* FlutterApp */,
			);
		};
/* End PBXProject section */

/* Begin PBXResourcesBuildPhase section */
		C949D2712751076200A32DCE /* Resources */ = {
			isa = PBXResourcesBuildPhase;
			buildActionMask = 2147483647;
			files = (
				C949D2832751076300A32DCE /* LaunchScreen.storyboard in Resources */,
				C949D2802751076300A32DCE /* Assets.xcassets in Resources */,
				C949D27E2751076200A32DCE /* Main.storyboard in Resources */,
			);
			runOnlyForDeploymentPostprocessing = 0;
		};
/* End PBXResourcesBuildPhase section */

/* Begin PBXShellScriptBuildPhase section */
		735390394FB54869D72D7EF3 /* [CP] Embed Pods Frameworks */ = {
			isa = PBXShellScriptBuildPhase;
			buildActionMask = 2147483647;
			files = (
			);
			inputFileListPaths = (
				"${PODS_ROOT}/Target Support Files/Pods-FlutterApp/Pods-FlutterApp-frameworks-${CONFIGURATION}-input-files.xcfilelist",
			);
			name = "[CP] Embed Pods Frameworks";
			outputFileListPaths = (
				"${PODS_ROOT}/Target Support Files/Pods-FlutterApp/Pods-FlutterApp-frameworks-${CONFIGURATION}-output-files.xcfilelist",
			);
			runOnlyForDeploymentPostprocessing = 0;
			shellPath = /bin/sh;
			shellScript = "\"${PODS_ROOT}/Target Support Files/Pods-FlutterApp/Pods-FlutterApp-frameworks.sh\"\n";
			showEnvVarsInLog = 0;
		};
		C9AEC8FA8E5DB8C3789307A9 /* [CP-User] Run Flutter Build flutter_module Script */ = {
			isa = PBXShellScriptBuildPhase;
			buildActionMask = 2147483647;
			files = (
			);
			name = "[CP-User] Run Flutter Build flutter_module Script";
			runOnlyForDeploymentPostprocessing = 0;
			shellPath = /bin/sh;
			shellScript = "set -e\nset -u\nsource \"${SRCROOT}/../flutter_module/.iOS/Flutter/flutter_export_environment.sh\"\nexport VERBOSE_SCRIPT_LOGGING=1 && \"$FLUTTER_ROOT\"/packages/flutter_tools/bin/xcode_backend.sh build\n";
		};
		F05D6B58272B80D488C993B2 /* [CP] Check Pods Manifest.lock */ = {
			isa = PBXShellScriptBuildPhase;
			buildActionMask = 2147483647;
			files = (
			);
			inputFileListPaths = (
			);
			inputPaths = (
				"${PODS_PODFILE_DIR_PATH}/Podfile.lock",
				"${PODS_ROOT}/Manifest.lock",
			);
			name = "[CP] Check Pods Manifest.lock";
			outputFileListPaths = (
			);
			outputPaths = (
				"$(DERIVED_FILE_DIR)/Pods-FlutterApp-checkManifestLockResult.txt",
			);
			runOnlyForDeploymentPostprocessing = 0;
			shellPath = /bin/sh;
			shellScript = "diff \"${PODS_PODFILE_DIR_PATH}/Podfile.lock\" \"${PODS_ROOT}/Manifest.lock\" > /dev/null\nif [ $? != 0 ] ; then\n    # print error to STDERR\n    echo \"error: The sandbox is not in sync with the Podfile.lock. Run 'pod install' or update your CocoaPods installation.\" >&2\n    exit 1\nfi\n# This output is used by Xcode 'outputs' to avoid re-running this script phase.\necho \"SUCCESS\" > \"${SCRIPT_OUTPUT_FILE_0}\"\n";
			showEnvVarsInLog = 0;
		};
/* End PBXShellScriptBuildPhase section */

/* Begin PBXSourcesBuildPhase section */
		C949D26F2751076200A32DCE /* Sources */ = {
			isa = PBXSourcesBuildPhase;
			buildActionMask = 2147483647;
			files = (
				C949D27B2751076200A32DCE /* EXAppViewController.swift in Sources */,
				C949D2772751076200A32DCE /* AppDelegate.swift in Sources */,
			);
			runOnlyForDeploymentPostprocessing = 0;
		};
/* End PBXSourcesBuildPhase section */

/* Begin PBXVariantGroup section */
		C949D27C2751076200A32DCE /* Main.storyboard */ = {
			isa = PBXVariantGroup;
			children = (
				C949D27D2751076200A32DCE /* Base */,
			);
			name = Main.storyboard;
			sourceTree = "<group>";
		};
		C949D2812751076300A32DCE /* LaunchScreen.storyboard */ = {
			isa = PBXVariantGroup;
			children = (
				C949D2822751076300A32DCE /* Base */,
			);
			name = LaunchScreen.storyboard;
			sourceTree = "<group>";
		};
/* End PBXVariantGroup section */

/* Begin XCBuildConfiguration section */
		C949D29B2751076300A32DCE /* Debug */ = {
			isa = XCBuildConfiguration;
			buildSettings = {
				ALWAYS_SEARCH_USER_PATHS = NO;
				CLANG_ANALYZER_NONNULL = YES;
				CLANG_ANALYZER_NUMBER_OBJECT_CONVERSION = YES_AGGRESSIVE;
				CLANG_CXX_LANGUAGE_STANDARD = "gnu++17";
				CLANG_CXX_LIBRARY = "libc++";
				CLANG_ENABLE_MODULES = YES;
				CLANG_ENABLE_OBJC_ARC = YES;
				CLANG_ENABLE_OBJC_WEAK = YES;
				CLANG_WARN_BLOCK_CAPTURE_AUTORELEASING = YES;
				CLANG_WARN_BOOL_CONVERSION = YES;
				CLANG_WARN_COMMA = YES;
				CLANG_WARN_CONSTANT_CONVERSION = YES;
				CLANG_WARN_DEPRECATED_OBJC_IMPLEMENTATIONS = YES;
				CLANG_WARN_DIRECT_OBJC_ISA_USAGE = YES_ERROR;
				CLANG_WARN_DOCUMENTATION_COMMENTS = YES;
				CLANG_WARN_EMPTY_BODY = YES;
				CLANG_WARN_ENUM_CONVERSION = YES;
				CLANG_WARN_INFINITE_RECURSION = YES;
				CLANG_WARN_INT_CONVERSION = YES;
				CLANG_WARN_NON_LITERAL_NULL_CONVERSION = YES;
				CLANG_WARN_OBJC_IMPLICIT_RETAIN_SELF = YES;
				CLANG_WARN_OBJC_LITERAL_CONVERSION = YES;
				CLANG_WARN_OBJC_ROOT_CLASS = YES_ERROR;
				CLANG_WARN_QUOTED_INCLUDE_IN_FRAMEWORK_HEADER = YES;
				CLANG_WARN_RANGE_LOOP_ANALYSIS = YES;
				CLANG_WARN_STRICT_PROTOTYPES = YES;
				CLANG_WARN_SUSPICIOUS_MOVE = YES;
				CLANG_WARN_UNGUARDED_AVAILABILITY = YES_AGGRESSIVE;
				CLANG_WARN_UNREACHABLE_CODE = YES;
				CLANG_WARN__DUPLICATE_METHOD_MATCH = YES;
				COPY_PHASE_STRIP = NO;
				DEBUG_INFORMATION_FORMAT = dwarf;
				ENABLE_STRICT_OBJC_MSGSEND = YES;
				ENABLE_TESTABILITY = YES;
				GCC_C_LANGUAGE_STANDARD = gnu11;
				GCC_DYNAMIC_NO_PIC = NO;
				GCC_NO_COMMON_BLOCKS = YES;
				GCC_OPTIMIZATION_LEVEL = 0;
				GCC_PREPROCESSOR_DEFINITIONS = (
					"DEBUG=1",
					"$(inherited)",
				);
				GCC_WARN_64_TO_32_BIT_CONVERSION = YES;
				GCC_WARN_ABOUT_RETURN_TYPE = YES_ERROR;
				GCC_WARN_UNDECLARED_SELECTOR = YES;
				GCC_WARN_UNINITIALIZED_AUTOS = YES_AGGRESSIVE;
				GCC_WARN_UNUSED_FUNCTION = YES;
				GCC_WARN_UNUSED_VARIABLE = YES;
				IPHONEOS_DEPLOYMENT_TARGET = 15.0;
				MTL_ENABLE_DEBUG_INFO = INCLUDE_SOURCE;
				MTL_FAST_MATH = YES;
				ONLY_ACTIVE_ARCH = YES;
				SDKROOT = iphoneos;
				SWIFT_ACTIVE_COMPILATION_CONDITIONS = DEBUG;
				SWIFT_OPTIMIZATION_LEVEL = "-Onone";
			};
			name = Debug;
		};
		C949D29C2751076300A32DCE /* Release */ = {
			isa = XCBuildConfiguration;
			buildSettings = {
				ALWAYS_SEARCH_USER_PATHS = NO;
				CLANG_ANALYZER_NONNULL = YES;
				CLANG_ANALYZER_NUMBER_OBJECT_CONVERSION = YES_AGGRESSIVE;
				CLANG_CXX_LANGUAGE_STANDARD = "gnu++17";
				CLANG_CXX_LIBRARY = "libc++";
				CLANG_ENABLE_MODULES = YES;
				CLANG_ENABLE_OBJC_ARC = YES;
				CLANG_ENABLE_OBJC_WEAK = YES;
				CLANG_WARN_BLOCK_CAPTURE_AUTORELEASING = YES;
				CLANG_WARN_BOOL_CONVERSION = YES;
				CLANG_WARN_COMMA = YES;
				CLANG_WARN_CONSTANT_CONVERSION = YES;
				CLANG_WARN_DEPRECATED_OBJC_IMPLEMENTATIONS = YES;
				CLANG_WARN_DIRECT_OBJC_ISA_USAGE = YES_ERROR;
				CLANG_WARN_DOCUMENTATION_COMMENTS = YES;
				CLANG_WARN_EMPTY_BODY = YES;
				CLANG_WARN_ENUM_CONVERSION = YES;
				CLANG_WARN_INFINITE_RECURSION = YES;
				CLANG_WARN_INT_CONVERSION = YES;
				CLANG_WARN_NON_LITERAL_NULL_CONVERSION = YES;
				CLANG_WARN_OBJC_IMPLICIT_RETAIN_SELF = YES;
				CLANG_WARN_OBJC_LITERAL_CONVERSION = YES;
				CLANG_WARN_OBJC_ROOT_CLASS = YES_ERROR;
				CLANG_WARN_QUOTED_INCLUDE_IN_FRAMEWORK_HEADER = YES;
				CLANG_WARN_RANGE_LOOP_ANALYSIS = YES;
				CLANG_WARN_STRICT_PROTOTYPES = YES;
				CLANG_WARN_SUSPICIOUS_MOVE = YES;
				CLANG_WARN_UNGUARDED_AVAILABILITY = YES_AGGRESSIVE;
				CLANG_WARN_UNREACHABLE_CODE = YES;
				CLANG_WARN__DUPLICATE_METHOD_MATCH = YES;
				COPY_PHASE_STRIP = NO;
				DEBUG_INFORMATION_FORMAT = "dwarf-with-dsym";
				ENABLE_NS_ASSERTIONS = NO;
				ENABLE_STRICT_OBJC_MSGSEND = YES;
				GCC_C_LANGUAGE_STANDARD = gnu11;
				GCC_NO_COMMON_BLOCKS = YES;
				GCC_WARN_64_TO_32_BIT_CONVERSION = YES;
				GCC_WARN_ABOUT_RETURN_TYPE = YES_ERROR;
				GCC_WARN_UNDECLARED_SELECTOR = YES;
				GCC_WARN_UNINITIALIZED_AUTOS = YES_AGGRESSIVE;
				GCC_WARN_UNUSED_FUNCTION = YES;
				GCC_WARN_UNUSED_VARIABLE = YES;
				IPHONEOS_DEPLOYMENT_TARGET = 15.0;
				MTL_ENABLE_DEBUG_INFO = NO;
				MTL_FAST_MATH = YES;
				SDKROOT = iphoneos;
				SWIFT_COMPILATION_MODE = wholemodule;
				SWIFT_OPTIMIZATION_LEVEL = "-O";
				VALIDATE_PRODUCT = YES;
			};
			name = Release;
		};
		C949D29E2751076300A32DCE /* Debug */ = {
			isa = XCBuildConfiguration;
			baseConfigurationReference = 771799C6C858FE15E0A21D1D /* Pods-FlutterApp.debug.xcconfig */;
			buildSettings = {
				ASSETCATALOG_COMPILER_APPICON_NAME = AppIcon;
				ASSETCATALOG_COMPILER_GLOBAL_ACCENT_COLOR_NAME = AccentColor;
				CODE_SIGN_STYLE = Automatic;
				CURRENT_PROJECT_VERSION = 1;
				DEVELOPMENT_TEAM = CAQDS7W45A;
				GENERATE_INFOPLIST_FILE = YES;
				INFOPLIST_FILE = FlutterApp/Info.plist;
				INFOPLIST_KEY_UIApplicationSupportsIndirectInputEvents = YES;
				INFOPLIST_KEY_UILaunchStoryboardName = LaunchScreen;
				INFOPLIST_KEY_UIMainStoryboardFile = Main;
				INFOPLIST_KEY_UISupportedInterfaceOrientations_iPad = "UIInterfaceOrientationPortrait UIInterfaceOrientationPortraitUpsideDown UIInterfaceOrientationLandscapeLeft UIInterfaceOrientationLandscapeRight";
				INFOPLIST_KEY_UISupportedInterfaceOrientations_iPhone = "UIInterfaceOrientationPortrait UIInterfaceOrientationLandscapeLeft UIInterfaceOrientationLandscapeRight";
				IPHONEOS_DEPLOYMENT_TARGET = 14.0;
				LD_RUNPATH_SEARCH_PATHS = (
					"$(inherited)",
					"@executable_path/Frameworks",
				);
				MARKETING_VERSION = 1.0;
				PRODUCT_BUNDLE_IDENTIFIER = com.x.FlutterApp;
				PRODUCT_NAME = "$(TARGET_NAME)";
				SWIFT_EMIT_LOC_STRINGS = YES;
				SWIFT_VERSION = 5.0;
				TARGETED_DEVICE_FAMILY = "1,2";
			};
			name = Debug;
		};
		C949D29F2751076300A32DCE /* Release */ = {
			isa = XCBuildConfiguration;
			baseConfigurationReference = F70F9CC084D0A4FE46059C00 /* Pods-FlutterApp.release.xcconfig */;
			buildSettings = {
				ASSETCATALOG_COMPILER_APPICON_NAME = AppIcon;
				ASSETCATALOG_COMPILER_GLOBAL_ACCENT_COLOR_NAME = AccentColor;
				CODE_SIGN_STYLE = Automatic;
				CURRENT_PROJECT_VERSION = 1;
				DEVELOPMENT_TEAM = CAQDS7W45A;
				GENERATE_INFOPLIST_FILE = YES;
				INFOPLIST_FILE = FlutterApp/Info.plist;
				INFOPLIST_KEY_UIApplicationSupportsIndirectInputEvents = YES;
				INFOPLIST_KEY_UILaunchStoryboardName = LaunchScreen;
				INFOPLIST_KEY_UIMainStoryboardFile = Main;
				INFOPLIST_KEY_UISupportedInterfaceOrientations_iPad = "UIInterfaceOrientationPortrait UIInterfaceOrientationPortraitUpsideDown UIInterfaceOrientationLandscapeLeft UIInterfaceOrientationLandscapeRight";
				INFOPLIST_KEY_UISupportedInterfaceOrientations_iPhone = "UIInterfaceOrientationPortrait UIInterfaceOrientationLandscapeLeft UIInterfaceOrientationLandscapeRight";
				IPHONEOS_DEPLOYMENT_TARGET = 14.0;
				LD_RUNPATH_SEARCH_PATHS = (
					"$(inherited)",
					"@executable_path/Frameworks",
				);
				MARKETING_VERSION = 1.0;
				PRODUCT_BUNDLE_IDENTIFIER = com.x.FlutterApp;
				PRODUCT_NAME = "$(TARGET_NAME)";
				SWIFT_EMIT_LOC_STRINGS = YES;
				SWIFT_VERSION = 5.0;
				TARGETED_DEVICE_FAMILY = "1,2";
			};
			name = Release;
		};
/* End XCBuildConfiguration section */

/* Begin XCConfigurationList section */
		C949D26E2751076200A32DCE /* Build configuration list for PBXProject "FlutterApp" */ = {
			isa = XCConfigurationList;
			buildConfigurations = (
				C949D29B2751076300A32DCE /* Debug */,
				C949D29C2751076300A32DCE /* Release */,
			);
			defaultConfigurationIsVisible = 0;
			defaultConfigurationName = Release;
		};
		C949D29D2751076300A32DCE /* Build configuration list for PBXNativeTarget "FlutterApp" */ = {
			isa = XCConfigurationList;
			buildConfigurations = (
				C949D29E2751076300A32DCE /* Debug */,
				C949D29F2751076300A32DCE /* Release */,
			);
			defaultConfigurationIsVisible = 0;
			defaultConfigurationName = Release;
		};
/* End XCConfigurationList section */
	};
	rootObject = C949D26B2751076200A32DCE /* Project object */;
}
