// !$*UTF8*$!
{
	archiveVersion = 1;
	classes = {
	};
	objectVersion = 55;
	objects = {

/* Begin PBXBuildFile section */
		5BFA0704E5AC834FAC2B4FF6 /* Pods_Microapp.framework in Frameworks */ = {isa = PBXBuildFile; fileRef = 1CF60CA82DF703B035BF30CA /* Pods_Microapp.framework */; };
		C9491A72274C8B4800F70AF5 /* AppDelegate.m in Sources */ = {isa = PBXBuildFile; fileRef = C9491A71274C8B4800F70AF5 /* AppDelegate.m */; };
		C9491A78274C8B4800F70AF5 /* MARootViewController.m in Sources */ = {isa = PBXBuildFile; fileRef = C9491A77274C8B4800F70AF5 /* MARootViewController.m */; };
		C9491A7B274C8B4800F70AF5 /* Main.storyboard in Resources */ = {isa = PBXBuildFile; fileRef = C9491A79274C8B4800F70AF5 /* Main.storyboard */; };
		C9491A7D274C8B4C00F70AF5 /* Assets.xcassets in Resources */ = {isa = PBXBuildFile; fileRef = C9491A7C274C8B4C00F70AF5 /* Assets.xcassets */; };
		C9491A80274C8B4C00F70AF5 /* LaunchScreen.storyboard in Resources */ = {isa = PBXBuildFile; fileRef = C9491A7E274C8B4C00F70AF5 /* LaunchScreen.storyboard */; };
		C9491A83274C8B4C00F70AF5 /* main.m in Sources */ = {isa = PBXBuildFile; fileRef = C9491A82274C8B4C00F70AF5 /* main.m */; };
		C95D4F8027633ACC001BDDD3 /* NXRuntime.m in Sources */ = {isa = PBXBuildFile; fileRef = C95D4F7F27633ACC001BDDD3 /* NXRuntime.m */; };
		C967430B2765920300E80C56 /* NXPerson.m in Sources */ = {isa = PBXBuildFile; fileRef = C967430A2765920300E80C56 /* NXPerson.m */; };
		C974A45B274F240700397634 /* MARequest.m in Sources */ = {isa = PBXBuildFile; fileRef = C974A45A274F240700397634 /* MARequest.m */; };
		C97DAD5E275EE8510080066F /* MATester.m in Sources */ = {isa = PBXBuildFile; fileRef = C97DAD5A275EE8510080066F /* MATester.m */; };
		C97DAD5F275EE8510080066F /* NXBlock.m in Sources */ = {isa = PBXBuildFile; fileRef = C97DAD5D275EE8510080066F /* NXBlock.m */; settings = {COMPILER_FLAGS = "-fno-objc-arc"; }; };
		C9A2C0312750758900A220E4 /* MAListViewController.m in Sources */ = {isa = PBXBuildFile; fileRef = C9A2C0302750758900A220E4 /* MAListViewController.m */; };
		C9A2C0342750819500A220E4 /* MAVideoViewController.m in Sources */ = {isa = PBXBuildFile; fileRef = C9A2C0332750819500A220E4 /* MAVideoViewController.m */; };
		C9A2C0372750821E00A220E4 /* MAImageViewController.m in Sources */ = {isa = PBXBuildFile; fileRef = C9A2C0362750821E00A220E4 /* MAImageViewController.m */; };
		C9A2C03A2750826B00A220E4 /* MADAV.m in Sources */ = {isa = PBXBuildFile; fileRef = C9A2C0392750826B00A220E4 /* MADAV.m */; };
		C9A2C03D275087BB00A220E4 /* MAAudioViewController.m in Sources */ = {isa = PBXBuildFile; fileRef = C9A2C03B275087BB00A220E4 /* MAAudioViewController.m */; };
		C9A2C0402750AC4C00A220E4 /* MATableViewController.m in Sources */ = {isa = PBXBuildFile; fileRef = C9A2C03F2750AC4C00A220E4 /* MATableViewController.m */; };
		C9A2C0432750AC5F00A220E4 /* MAViewController.m in Sources */ = {isa = PBXBuildFile; fileRef = C9A2C0422750AC5F00A220E4 /* MAViewController.m */; };
		C9A2C0462750AE2E00A220E4 /* MACollection.m in Sources */ = {isa = PBXBuildFile; fileRef = C9A2C0452750AE2E00A220E4 /* MACollection.m */; };
		C9A2C0492750BFF500A220E4 /* MVAudioCenter.m in Sources */ = {isa = PBXBuildFile; fileRef = C9A2C0482750BFF500A220E4 /* MVAudioCenter.m */; };
		C9A2C04C2750D62E00A220E4 /* MATableViewCell.m in Sources */ = {isa = PBXBuildFile; fileRef = C9A2C04B2750D62E00A220E4 /* MATableViewCell.m */; };
		C9E5EE31276822380047E8E9 /* NXRunloop.m in Sources */ = {isa = PBXBuildFile; fileRef = C9E5EE30276822380047E8E9 /* NXRunloop.m */; };
/* End PBXBuildFile section */

/* Begin PBXCopyFilesBuildPhase section */
		C9812CF92759A8C20061A687 /* Embed App Extensions */ = {
			isa = PBXCopyFilesBuildPhase;
			buildActionMask = 2147483647;
			dstPath = "";
			dstSubfolderSpec = 13;
			files = (
			);
			name = "Embed App Extensions";
			runOnlyForDeploymentPostprocessing = 0;
		};
/* End PBXCopyFilesBuildPhase section */

/* Begin PBXFileReference section */
		19A318F3CE7A1249888A0A37 /* Pods-Microapp.release.xcconfig */ = {isa = PBXFileReference; includeInIndex = 1; lastKnownFileType = text.xcconfig; name = "Pods-Microapp.release.xcconfig"; path = "Target Support Files/Pods-Microapp/Pods-Microapp.release.xcconfig"; sourceTree = "<group>"; };
		1CF60CA82DF703B035BF30CA /* Pods_Microapp.framework */ = {isa = PBXFileReference; explicitFileType = wrapper.framework; includeInIndex = 0; path = Pods_Microapp.framework; sourceTree = BUILT_PRODUCTS_DIR; };
		73C7996F5031D777F0F12EB6 /* Pods-Microapp.debug.xcconfig */ = {isa = PBXFileReference; includeInIndex = 1; lastKnownFileType = text.xcconfig; name = "Pods-Microapp.debug.xcconfig"; path = "Target Support Files/Pods-Microapp/Pods-Microapp.debug.xcconfig"; sourceTree = "<group>"; };
		C9491A6D274C8B4800F70AF5 /* Microapp.app */ = {isa = PBXFileReference; explicitFileType = wrapper.application; includeInIndex = 0; path = Microapp.app; sourceTree = BUILT_PRODUCTS_DIR; };
		C9491A70274C8B4800F70AF5 /* AppDelegate.h */ = {isa = PBXFileReference; lastKnownFileType = sourcecode.c.h; path = AppDelegate.h; sourceTree = "<group>"; };
		C9491A71274C8B4800F70AF5 /* AppDelegate.m */ = {isa = PBXFileReference; lastKnownFileType = sourcecode.c.objc; path = AppDelegate.m; sourceTree = "<group>"; };
		C9491A76274C8B4800F70AF5 /* MARootViewController.h */ = {isa = PBXFileReference; lastKnownFileType = sourcecode.c.h; path = MARootViewController.h; sourceTree = "<group>"; };
		C9491A77274C8B4800F70AF5 /* MARootViewController.m */ = {isa = PBXFileReference; lastKnownFileType = sourcecode.c.objc; path = MARootViewController.m; sourceTree = "<group>"; };
		C9491A7A274C8B4800F70AF5 /* Base */ = {isa = PBXFileReference; lastKnownFileType = file.storyboard; name = Base; path = Base.lproj/Main.storyboard; sourceTree = "<group>"; };
		C9491A7C274C8B4C00F70AF5 /* Assets.xcassets */ = {isa = PBXFileReference; lastKnownFileType = folder.assetcatalog; path = Assets.xcassets; sourceTree = "<group>"; };
		C9491A7F274C8B4C00F70AF5 /* Base */ = {isa = PBXFileReference; lastKnownFileType = file.storyboard; name = Base; path = Base.lproj/LaunchScreen.storyboard; sourceTree = "<group>"; };
		C9491A81274C8B4C00F70AF5 /* Info.plist */ = {isa = PBXFileReference; lastKnownFileType = text.plist.xml; path = Info.plist; sourceTree = "<group>"; };
		C9491A82274C8B4C00F70AF5 /* main.m */ = {isa = PBXFileReference; lastKnownFileType = sourcecode.c.objc; path = main.m; sourceTree = "<group>"; };
		C95D4F7E27633ACC001BDDD3 /* NXRuntime.h */ = {isa = PBXFileReference; lastKnownFileType = sourcecode.c.h; path = NXRuntime.h; sourceTree = "<group>"; };
		C95D4F7F27633ACC001BDDD3 /* NXRuntime.m */ = {isa = PBXFileReference; lastKnownFileType = sourcecode.c.objc; path = NXRuntime.m; sourceTree = "<group>"; };
		C96743092765920300E80C56 /* NXPerson.h */ = {isa = PBXFileReference; lastKnownFileType = sourcecode.c.h; path = NXPerson.h; sourceTree = "<group>"; };
		C967430A2765920300E80C56 /* NXPerson.m */ = {isa = PBXFileReference; lastKnownFileType = sourcecode.c.objc; path = NXPerson.m; sourceTree = "<group>"; };
		C974A459274F240700397634 /* MARequest.h */ = {isa = PBXFileReference; lastKnownFileType = sourcecode.c.h; path = MARequest.h; sourceTree = "<group>"; };
		C974A45A274F240700397634 /* MARequest.m */ = {isa = PBXFileReference; lastKnownFileType = sourcecode.c.objc; path = MARequest.m; sourceTree = "<group>"; };
		C97DAD5A275EE8510080066F /* MATester.m */ = {isa = PBXFileReference; fileEncoding = 4; lastKnownFileType = sourcecode.c.objc; path = MATester.m; sourceTree = "<group>"; };
		C97DAD5B275EE8510080066F /* MATester.h */ = {isa = PBXFileReference; fileEncoding = 4; lastKnownFileType = sourcecode.c.h; path = MATester.h; sourceTree = "<group>"; };
		C97DAD5C275EE8510080066F /* NXBlock.h */ = {isa = PBXFileReference; fileEncoding = 4; lastKnownFileType = sourcecode.c.h; path = NXBlock.h; sourceTree = "<group>"; };
		C97DAD5D275EE8510080066F /* NXBlock.m */ = {isa = PBXFileReference; fileEncoding = 4; lastKnownFileType = sourcecode.c.objc; path = NXBlock.m; sourceTree = "<group>"; };
		C9A2C02F2750758900A220E4 /* MAListViewController.h */ = {isa = PBXFileReference; lastKnownFileType = sourcecode.c.h; path = MAListViewController.h; sourceTree = "<group>"; };
		C9A2C0302750758900A220E4 /* MAListViewController.m */ = {isa = PBXFileReference; lastKnownFileType = sourcecode.c.objc; path = MAListViewController.m; sourceTree = "<group>"; };
		C9A2C0322750819500A220E4 /* MAVideoViewController.h */ = {isa = PBXFileReference; lastKnownFileType = sourcecode.c.h; path = MAVideoViewController.h; sourceTree = "<group>"; };
		C9A2C0332750819500A220E4 /* MAVideoViewController.m */ = {isa = PBXFileReference; lastKnownFileType = sourcecode.c.objc; path = MAVideoViewController.m; sourceTree = "<group>"; };
		C9A2C0352750821E00A220E4 /* MAImageViewController.h */ = {isa = PBXFileReference; lastKnownFileType = sourcecode.c.h; path = MAImageViewController.h; sourceTree = "<group>"; };
		C9A2C0362750821E00A220E4 /* MAImageViewController.m */ = {isa = PBXFileReference; lastKnownFileType = sourcecode.c.objc; path = MAImageViewController.m; sourceTree = "<group>"; };
		C9A2C0382750826B00A220E4 /* MADAV.h */ = {isa = PBXFileReference; lastKnownFileType = sourcecode.c.h; path = MADAV.h; sourceTree = "<group>"; };
		C9A2C0392750826B00A220E4 /* MADAV.m */ = {isa = PBXFileReference; lastKnownFileType = sourcecode.c.objc; path = MADAV.m; sourceTree = "<group>"; };
		C9A2C03B275087BB00A220E4 /* MAAudioViewController.m */ = {isa = PBXFileReference; fileEncoding = 4; lastKnownFileType = sourcecode.c.objc; path = MAAudioViewController.m; sourceTree = "<group>"; };
		C9A2C03C275087BB00A220E4 /* MAAudioViewController.h */ = {isa = PBXFileReference; fileEncoding = 4; lastKnownFileType = sourcecode.c.h; path = MAAudioViewController.h; sourceTree = "<group>"; };
		C9A2C03E2750AC4C00A220E4 /* MATableViewController.h */ = {isa = PBXFileReference; lastKnownFileType = sourcecode.c.h; path = MATableViewController.h; sourceTree = "<group>"; };
		C9A2C03F2750AC4C00A220E4 /* MATableViewController.m */ = {isa = PBXFileReference; lastKnownFileType = sourcecode.c.objc; path = MATableViewController.m; sourceTree = "<group>"; };
		C9A2C0412750AC5F00A220E4 /* MAViewController.h */ = {isa = PBXFileReference; lastKnownFileType = sourcecode.c.h; path = MAViewController.h; sourceTree = "<group>"; };
		C9A2C0422750AC5F00A220E4 /* MAViewController.m */ = {isa = PBXFileReference; lastKnownFileType = sourcecode.c.objc; path = MAViewController.m; sourceTree = "<group>"; };
		C9A2C0442750AE2E00A220E4 /* MACollection.h */ = {isa = PBXFileReference; lastKnownFileType = sourcecode.c.h; path = MACollection.h; sourceTree = "<group>"; };
		C9A2C0452750AE2E00A220E4 /* MACollection.m */ = {isa = PBXFileReference; lastKnownFileType = sourcecode.c.objc; path = MACollection.m; sourceTree = "<group>"; };
		C9A2C0472750BFF500A220E4 /* MVAudioCenter.h */ = {isa = PBXFileReference; lastKnownFileType = sourcecode.c.h; path = MVAudioCenter.h; sourceTree = "<group>"; };
		C9A2C0482750BFF500A220E4 /* MVAudioCenter.m */ = {isa = PBXFileReference; lastKnownFileType = sourcecode.c.objc; path = MVAudioCenter.m; sourceTree = "<group>"; };
		C9A2C04A2750D62E00A220E4 /* MATableViewCell.h */ = {isa = PBXFileReference; lastKnownFileType = sourcecode.c.h; path = MATableViewCell.h; sourceTree = "<group>"; };
		C9A2C04B2750D62E00A220E4 /* MATableViewCell.m */ = {isa = PBXFileReference; lastKnownFileType = sourcecode.c.objc; path = MATableViewCell.m; sourceTree = "<group>"; };
		C9E5EE2F276822380047E8E9 /* NXRunloop.h */ = {isa = PBXFileReference; lastKnownFileType = sourcecode.c.h; path = NXRunloop.h; sourceTree = "<group>"; };
		C9E5EE30276822380047E8E9 /* NXRunloop.m */ = {isa = PBXFileReference; lastKnownFileType = sourcecode.c.objc; path = NXRunloop.m; sourceTree = "<group>"; };
/* End PBXFileReference section */

/* Begin PBXFrameworksBuildPhase section */
		C9491A6A274C8B4800F70AF5 /* Frameworks */ = {
			isa = PBXFrameworksBuildPhase;
			buildActionMask = 2147483647;
			files = (
				5BFA0704E5AC834FAC2B4FF6 /* Pods_Microapp.framework in Frameworks */,
			);
			runOnlyForDeploymentPostprocessing = 0;
		};
/* End PBXFrameworksBuildPhase section */

/* Begin PBXGroup section */
		51CE0F3A7E5B5CFE58FF12FB /* Frameworks */ = {
			isa = PBXGroup;
			children = (
				1CF60CA82DF703B035BF30CA /* Pods_Microapp.framework */,
			);
			name = Frameworks;
			sourceTree = "<group>";
		};
		C9491A64274C8B4800F70AF5 = {
			isa = PBXGroup;
			children = (
				C9491A6F274C8B4800F70AF5 /* Microapp */,
				C97DAD59275EE8020080066F /* Explorer */,
				C9491A6E274C8B4800F70AF5 /* Products */,
				FCECCFDA1A64F82C46D7C934 /* Pods */,
				51CE0F3A7E5B5CFE58FF12FB /* Frameworks */,
			);
			sourceTree = "<group>";
		};
		C9491A6E274C8B4800F70AF5 /* Products */ = {
			isa = PBXGroup;
			children = (
				C9491A6D274C8B4800F70AF5 /* Microapp.app */,
			);
			name = Products;
			sourceTree = "<group>";
		};
		C9491A6F274C8B4800F70AF5 /* Microapp */ = {
			isa = PBXGroup;
			children = (
				C9491A70274C8B4800F70AF5 /* AppDelegate.h */,
				C9491A71274C8B4800F70AF5 /* AppDelegate.m */,
				C9491A76274C8B4800F70AF5 /* MARootViewController.h */,
				C9491A77274C8B4800F70AF5 /* MARootViewController.m */,
				C9A2C0442750AE2E00A220E4 /* MACollection.h */,
				C9A2C0452750AE2E00A220E4 /* MACollection.m */,
				C9A2C04A2750D62E00A220E4 /* MATableViewCell.h */,
				C9A2C04B2750D62E00A220E4 /* MATableViewCell.m */,
				C9A2C0412750AC5F00A220E4 /* MAViewController.h */,
				C9A2C0422750AC5F00A220E4 /* MAViewController.m */,
				C9A2C03E2750AC4C00A220E4 /* MATableViewController.h */,
				C9A2C03F2750AC4C00A220E4 /* MATableViewController.m */,
				C9A2C02F2750758900A220E4 /* MAListViewController.h */,
				C9A2C0302750758900A220E4 /* MAListViewController.m */,
				C9A2C0322750819500A220E4 /* MAVideoViewController.h */,
				C9A2C0332750819500A220E4 /* MAVideoViewController.m */,
				C9A2C03C275087BB00A220E4 /* MAAudioViewController.h */,
				C9A2C03B275087BB00A220E4 /* MAAudioViewController.m */,
				C9A2C0352750821E00A220E4 /* MAImageViewController.h */,
				C9A2C0362750821E00A220E4 /* MAImageViewController.m */,
				C9A2C0382750826B00A220E4 /* MADAV.h */,
				C9A2C0392750826B00A220E4 /* MADAV.m */,
				C9A2C0472750BFF500A220E4 /* MVAudioCenter.h */,
				C9A2C0482750BFF500A220E4 /* MVAudioCenter.m */,
				C974A459274F240700397634 /* MARequest.h */,
				C974A45A274F240700397634 /* MARequest.m */,
				C9491A79274C8B4800F70AF5 /* Main.storyboard */,
				C9491A7C274C8B4C00F70AF5 /* Assets.xcassets */,
				C9491A7E274C8B4C00F70AF5 /* LaunchScreen.storyboard */,
				C9491A81274C8B4C00F70AF5 /* Info.plist */,
				C9491A82274C8B4C00F70AF5 /* main.m */,
			);
			path = Microapp;
			sourceTree = "<group>";
		};
		C97DAD59275EE8020080066F /* Explorer */ = {
			isa = PBXGroup;
			children = (
				C97DAD5B275EE8510080066F /* MATester.h */,
				C97DAD5A275EE8510080066F /* MATester.m */,
				C97DAD5C275EE8510080066F /* NXBlock.h */,
				C97DAD5D275EE8510080066F /* NXBlock.m */,
				C95D4F7E27633ACC001BDDD3 /* NXRuntime.h */,
				C95D4F7F27633ACC001BDDD3 /* NXRuntime.m */,
				C9E5EE2F276822380047E8E9 /* NXRunloop.h */,
				C9E5EE30276822380047E8E9 /* NXRunloop.m */,
				C96743092765920300E80C56 /* NXPerson.h */,
				C967430A2765920300E80C56 /* NXPerson.m */,
			);
			path = Explorer;
			sourceTree = "<group>";
		};
		FCECCFDA1A64F82C46D7C934 /* Pods */ = {
			isa = PBXGroup;
			children = (
				73C7996F5031D777F0F12EB6 /* Pods-Microapp.debug.xcconfig */,
				19A318F3CE7A1249888A0A37 /* Pods-Microapp.release.xcconfig */,
			);
			path = Pods;
			sourceTree = "<group>";
		};
/* End PBXGroup section */

/* Begin PBXNativeTarget section */
		C9491A6C274C8B4800F70AF5 /* Microapp */ = {
			isa = PBXNativeTarget;
			buildConfigurationList = C9491A86274C8B4C00F70AF5 /* Build configuration list for PBXNativeTarget "Microapp" */;
			buildPhases = (
				2510FB3479DEED19A1B0F563 /* [CP] Check Pods Manifest.lock */,
				C9491A69274C8B4800F70AF5 /* Sources */,
				C9491A6A274C8B4800F70AF5 /* Frameworks */,
				C9491A6B274C8B4800F70AF5 /* Resources */,
				558AFCD71B8B1620CBEAF398 /* [CP] Embed Pods Frameworks */,
				C9812CF92759A8C20061A687 /* Embed App Extensions */,
			);
			buildRules = (
			);
			dependencies = (
			);
			name = Microapp;
			productName = Microapp;
			productReference = C9491A6D274C8B4800F70AF5 /* Microapp.app */;
			productType = "com.apple.product-type.application";
		};
/* End PBXNativeTarget section */

/* Begin PBXProject section */
		C9491A65274C8B4800F70AF5 /* Project object */ = {
			isa = PBXProject;
			attributes = {
				BuildIndependentTargetsInParallel = 1;
				LastUpgradeCheck = 1310;
				TargetAttributes = {
					C9491A6C274C8B4800F70AF5 = {
						CreatedOnToolsVersion = 13.1;
					};
				};
			};
			buildConfigurationList = C9491A68274C8B4800F70AF5 /* Build configuration list for PBXProject "Microapp" */;
			compatibilityVersion = "Xcode 13.0";
			developmentRegion = en;
			hasScannedForEncodings = 0;
			knownRegions = (
				en,
				Base,
			);
			mainGroup = C9491A64274C8B4800F70AF5;
			productRefGroup = C9491A6E274C8B4800F70AF5 /* Products */;
			projectDirPath = "";
			projectRoot = "";
			targets = (
				C9491A6C274C8B4800F70AF5 /* Microapp */,
			);
		};
/* End PBXProject section */

/* Begin PBXResourcesBuildPhase section */
		C9491A6B274C8B4800F70AF5 /* Resources */ = {
			isa = PBXResourcesBuildPhase;
			buildActionMask = 2147483647;
			files = (
				C9491A80274C8B4C00F70AF5 /* LaunchScreen.storyboard in Resources */,
				C9491A7D274C8B4C00F70AF5 /* Assets.xcassets in Resources */,
				C9491A7B274C8B4800F70AF5 /* Main.storyboard in Resources */,
			);
			runOnlyForDeploymentPostprocessing = 0;
		};
/* End PBXResourcesBuildPhase section */

/* Begin PBXShellScriptBuildPhase section */
		2510FB3479DEED19A1B0F563 /* [CP] Check Pods Manifest.lock */ = {
			isa = PBXShellScriptBuildPhase;
			buildActionMask = 2147483647;
			files = (
			);
			inputFileListPaths = (
			);
			inputPaths = (
				"${PODS_PODFILE_DIR_PATH}/Podfile.lock",
				"${PODS_ROOT}/Manifest.lock",
			);
			name = "[CP] Check Pods Manifest.lock";
			outputFileListPaths = (
			);
			outputPaths = (
				"$(DERIVED_FILE_DIR)/Pods-Microapp-checkManifestLockResult.txt",
			);
			runOnlyForDeploymentPostprocessing = 0;
			shellPath = /bin/sh;
			shellScript = "diff \"${PODS_PODFILE_DIR_PATH}/Podfile.lock\" \"${PODS_ROOT}/Manifest.lock\" > /dev/null\nif [ $? != 0 ] ; then\n    # print error to STDERR\n    echo \"error: The sandbox is not in sync with the Podfile.lock. Run 'pod install' or update your CocoaPods installation.\" >&2\n    exit 1\nfi\n# This output is used by Xcode 'outputs' to avoid re-running this script phase.\necho \"SUCCESS\" > \"${SCRIPT_OUTPUT_FILE_0}\"\n";
			showEnvVarsInLog = 0;
		};
		558AFCD71B8B1620CBEAF398 /* [CP] Embed Pods Frameworks */ = {
			isa = PBXShellScriptBuildPhase;
			buildActionMask = 2147483647;
			files = (
			);
			inputFileListPaths = (
				"${PODS_ROOT}/Target Support Files/Pods-Microapp/Pods-Microapp-frameworks-${CONFIGURATION}-input-files.xcfilelist",
			);
			name = "[CP] Embed Pods Frameworks";
			outputFileListPaths = (
				"${PODS_ROOT}/Target Support Files/Pods-Microapp/Pods-Microapp-frameworks-${CONFIGURATION}-output-files.xcfilelist",
			);
			runOnlyForDeploymentPostprocessing = 0;
			shellPath = /bin/sh;
			shellScript = "\"${PODS_ROOT}/Target Support Files/Pods-Microapp/Pods-Microapp-frameworks.sh\"\n";
			showEnvVarsInLog = 0;
		};
/* End PBXShellScriptBuildPhase section */

/* Begin PBXSourcesBuildPhase section */
		C9491A69274C8B4800F70AF5 /* Sources */ = {
			isa = PBXSourcesBuildPhase;
			buildActionMask = 2147483647;
			files = (
				C9491A78274C8B4800F70AF5 /* MARootViewController.m in Sources */,
				C9491A72274C8B4800F70AF5 /* AppDelegate.m in Sources */,
				C95D4F8027633ACC001BDDD3 /* NXRuntime.m in Sources */,
				C9A2C0372750821E00A220E4 /* MAImageViewController.m in Sources */,
				C9A2C0312750758900A220E4 /* MAListViewController.m in Sources */,
				C9A2C03D275087BB00A220E4 /* MAAudioViewController.m in Sources */,
				C9A2C04C2750D62E00A220E4 /* MATableViewCell.m in Sources */,
				C9491A83274C8B4C00F70AF5 /* main.m in Sources */,
				C9A2C03A2750826B00A220E4 /* MADAV.m in Sources */,
				C9A2C0492750BFF500A220E4 /* MVAudioCenter.m in Sources */,
				C97DAD5E275EE8510080066F /* MATester.m in Sources */,
				C9A2C0342750819500A220E4 /* MAVideoViewController.m in Sources */,
				C9A2C0462750AE2E00A220E4 /* MACollection.m in Sources */,
				C97DAD5F275EE8510080066F /* NXBlock.m in Sources */,
				C967430B2765920300E80C56 /* NXPerson.m in Sources */,
				C9E5EE31276822380047E8E9 /* NXRunloop.m in Sources */,
				C974A45B274F240700397634 /* MARequest.m in Sources */,
				C9A2C0432750AC5F00A220E4 /* MAViewController.m in Sources */,
				C9A2C0402750AC4C00A220E4 /* MATableViewController.m in Sources */,
			);
			runOnlyForDeploymentPostprocessing = 0;
		};
/* End PBXSourcesBuildPhase section */

/* Begin PBXVariantGroup section */
		C9491A79274C8B4800F70AF5 /* Main.storyboard */ = {
			isa = PBXVariantGroup;
			children = (
				C9491A7A274C8B4800F70AF5 /* Base */,
			);
			name = Main.storyboard;
			sourceTree = "<group>";
		};
		C9491A7E274C8B4C00F70AF5 /* LaunchScreen.storyboard */ = {
			isa = PBXVariantGroup;
			children = (
				C9491A7F274C8B4C00F70AF5 /* Base */,
			);
			name = LaunchScreen.storyboard;
			sourceTree = "<group>";
		};
/* End PBXVariantGroup section */

/* Begin XCBuildConfiguration section */
		C9491A84274C8B4C00F70AF5 /* Debug */ = {
			isa = XCBuildConfiguration;
			buildSettings = {
				ALWAYS_SEARCH_USER_PATHS = NO;
				CLANG_ANALYZER_NONNULL = YES;
				CLANG_ANALYZER_NUMBER_OBJECT_CONVERSION = YES_AGGRESSIVE;
				CLANG_CXX_LANGUAGE_STANDARD = "gnu++17";
				CLANG_CXX_LIBRARY = "libc++";
				CLANG_ENABLE_MODULES = YES;
				CLANG_ENABLE_OBJC_ARC = YES;
				CLANG_ENABLE_OBJC_WEAK = YES;
				CLANG_WARN_BLOCK_CAPTURE_AUTORELEASING = YES;
				CLANG_WARN_BOOL_CONVERSION = YES;
				CLANG_WARN_COMMA = YES;
				CLANG_WARN_CONSTANT_CONVERSION = YES;
				CLANG_WARN_DEPRECATED_OBJC_IMPLEMENTATIONS = YES;
				CLANG_WARN_DIRECT_OBJC_ISA_USAGE = YES_ERROR;
				CLANG_WARN_DOCUMENTATION_COMMENTS = YES;
				CLANG_WARN_EMPTY_BODY = YES;
				CLANG_WARN_ENUM_CONVERSION = YES;
				CLANG_WARN_INFINITE_RECURSION = YES;
				CLANG_WARN_INT_CONVERSION = YES;
				CLANG_WARN_NON_LITERAL_NULL_CONVERSION = YES;
				CLANG_WARN_OBJC_IMPLICIT_RETAIN_SELF = YES;
				CLANG_WARN_OBJC_LITERAL_CONVERSION = YES;
				CLANG_WARN_OBJC_ROOT_CLASS = YES_ERROR;
				CLANG_WARN_QUOTED_INCLUDE_IN_FRAMEWORK_HEADER = YES;
				CLANG_WARN_RANGE_LOOP_ANALYSIS = YES;
				CLANG_WARN_STRICT_PROTOTYPES = YES;
				CLANG_WARN_SUSPICIOUS_MOVE = YES;
				CLANG_WARN_UNGUARDED_AVAILABILITY = YES_AGGRESSIVE;
				CLANG_WARN_UNREACHABLE_CODE = YES;
				CLANG_WARN__DUPLICATE_METHOD_MATCH = YES;
				COPY_PHASE_STRIP = NO;
				DEBUG_INFORMATION_FORMAT = dwarf;
				ENABLE_STRICT_OBJC_MSGSEND = YES;
				ENABLE_TESTABILITY = YES;
				GCC_C_LANGUAGE_STANDARD = gnu11;
				GCC_DYNAMIC_NO_PIC = NO;
				GCC_NO_COMMON_BLOCKS = YES;
				GCC_OPTIMIZATION_LEVEL = 0;
				GCC_PREPROCESSOR_DEFINITIONS = (
					"DEBUG=1",
					"$(inherited)",
				);
				GCC_WARN_64_TO_32_BIT_CONVERSION = YES;
				GCC_WARN_ABOUT_RETURN_TYPE = YES_ERROR;
				GCC_WARN_UNDECLARED_SELECTOR = YES;
				GCC_WARN_UNINITIALIZED_AUTOS = YES_AGGRESSIVE;
				GCC_WARN_UNUSED_FUNCTION = YES;
				GCC_WARN_UNUSED_VARIABLE = YES;
				IPHONEOS_DEPLOYMENT_TARGET = 15.0;
				MTL_ENABLE_DEBUG_INFO = INCLUDE_SOURCE;
				MTL_FAST_MATH = YES;
				ONLY_ACTIVE_ARCH = YES;
				SDKROOT = iphoneos;
			};
			name = Debug;
		};
		C9491A85274C8B4C00F70AF5 /* Release */ = {
			isa = XCBuildConfiguration;
			buildSettings = {
				ALWAYS_SEARCH_USER_PATHS = NO;
				CLANG_ANALYZER_NONNULL = YES;
				CLANG_ANALYZER_NUMBER_OBJECT_CONVERSION = YES_AGGRESSIVE;
				CLANG_CXX_LANGUAGE_STANDARD = "gnu++17";
				CLANG_CXX_LIBRARY = "libc++";
				CLANG_ENABLE_MODULES = YES;
				CLANG_ENABLE_OBJC_ARC = YES;
				CLANG_ENABLE_OBJC_WEAK = YES;
				CLANG_WARN_BLOCK_CAPTURE_AUTORELEASING = YES;
				CLANG_WARN_BOOL_CONVERSION = YES;
				CLANG_WARN_COMMA = YES;
				CLANG_WARN_CONSTANT_CONVERSION = YES;
				CLANG_WARN_DEPRECATED_OBJC_IMPLEMENTATIONS = YES;
				CLANG_WARN_DIRECT_OBJC_ISA_USAGE = YES_ERROR;
				CLANG_WARN_DOCUMENTATION_COMMENTS = YES;
				CLANG_WARN_EMPTY_BODY = YES;
				CLANG_WARN_ENUM_CONVERSION = YES;
				CLANG_WARN_INFINITE_RECURSION = YES;
				CLANG_WARN_INT_CONVERSION = YES;
				CLANG_WARN_NON_LITERAL_NULL_CONVERSION = YES;
				CLANG_WARN_OBJC_IMPLICIT_RETAIN_SELF = YES;
				CLANG_WARN_OBJC_LITERAL_CONVERSION = YES;
				CLANG_WARN_OBJC_ROOT_CLASS = YES_ERROR;
				CLANG_WARN_QUOTED_INCLUDE_IN_FRAMEWORK_HEADER = YES;
				CLANG_WARN_RANGE_LOOP_ANALYSIS = YES;
				CLANG_WARN_STRICT_PROTOTYPES = YES;
				CLANG_WARN_SUSPICIOUS_MOVE = YES;
				CLANG_WARN_UNGUARDED_AVAILABILITY = YES_AGGRESSIVE;
				CLANG_WARN_UNREACHABLE_CODE = YES;
				CLANG_WARN__DUPLICATE_METHOD_MATCH = YES;
				COPY_PHASE_STRIP = NO;
				DEBUG_INFORMATION_FORMAT = "dwarf-with-dsym";
				ENABLE_NS_ASSERTIONS = NO;
				ENABLE_STRICT_OBJC_MSGSEND = YES;
				GCC_C_LANGUAGE_STANDARD = gnu11;
				GCC_NO_COMMON_BLOCKS = YES;
				GCC_WARN_64_TO_32_BIT_CONVERSION = YES;
				GCC_WARN_ABOUT_RETURN_TYPE = YES_ERROR;
				GCC_WARN_UNDECLARED_SELECTOR = YES;
				GCC_WARN_UNINITIALIZED_AUTOS = YES_AGGRESSIVE;
				GCC_WARN_UNUSED_FUNCTION = YES;
				GCC_WARN_UNUSED_VARIABLE = YES;
				IPHONEOS_DEPLOYMENT_TARGET = 15.0;
				MTL_ENABLE_DEBUG_INFO = NO;
				MTL_FAST_MATH = YES;
				SDKROOT = iphoneos;
				VALIDATE_PRODUCT = YES;
			};
			name = Release;
		};
		C9491A87274C8B4C00F70AF5 /* Debug */ = {
			isa = XCBuildConfiguration;
			baseConfigurationReference = 73C7996F5031D777F0F12EB6 /* Pods-Microapp.debug.xcconfig */;
			buildSettings = {
				ASSETCATALOG_COMPILER_APPICON_NAME = AppIcon;
				ASSETCATALOG_COMPILER_GLOBAL_ACCENT_COLOR_NAME = AccentColor;
				CLANG_ENABLE_OBJC_ARC = YES;
				CODE_SIGN_STYLE = Automatic;
				CURRENT_PROJECT_VERSION = 1;
				DEVELOPMENT_TEAM = CAQDS7W45A;
				ENABLE_STRICT_OBJC_MSGSEND = NO;
				GENERATE_INFOPLIST_FILE = YES;
				INFOPLIST_FILE = Microapp/Info.plist;
				INFOPLIST_KEY_UIApplicationSupportsIndirectInputEvents = YES;
				INFOPLIST_KEY_UILaunchStoryboardName = LaunchScreen;
				INFOPLIST_KEY_UIMainStoryboardFile = Main;
				INFOPLIST_KEY_UISupportedInterfaceOrientations_iPad = "UIInterfaceOrientationPortrait UIInterfaceOrientationPortraitUpsideDown UIInterfaceOrientationLandscapeLeft UIInterfaceOrientationLandscapeRight";
				INFOPLIST_KEY_UISupportedInterfaceOrientations_iPhone = "UIInterfaceOrientationPortrait UIInterfaceOrientationLandscapeLeft UIInterfaceOrientationLandscapeRight";
				IPHONEOS_DEPLOYMENT_TARGET = 11.0;
				LD_RUNPATH_SEARCH_PATHS = (
					"$(inherited)",
					"@executable_path/Frameworks",
				);
				MARKETING_VERSION = 1.0;
				PRODUCT_BUNDLE_IDENTIFIER = com.app.Microapp;
				PRODUCT_NAME = "$(TARGET_NAME)";
				SWIFT_EMIT_LOC_STRINGS = YES;
				TARGETED_DEVICE_FAMILY = "1,2";
			};
			name = Debug;
		};
		C9491A88274C8B4C00F70AF5 /* Release */ = {
			isa = XCBuildConfiguration;
			baseConfigurationReference = 19A318F3CE7A1249888A0A37 /* Pods-Microapp.release.xcconfig */;
			buildSettings = {
				ASSETCATALOG_COMPILER_APPICON_NAME = AppIcon;
				ASSETCATALOG_COMPILER_GLOBAL_ACCENT_COLOR_NAME = AccentColor;
				CLANG_ENABLE_OBJC_ARC = YES;
				CODE_SIGN_STYLE = Automatic;
				CURRENT_PROJECT_VERSION = 1;
				DEVELOPMENT_TEAM = CAQDS7W45A;
				ENABLE_STRICT_OBJC_MSGSEND = NO;
				GENERATE_INFOPLIST_FILE = YES;
				INFOPLIST_FILE = Microapp/Info.plist;
				INFOPLIST_KEY_UIApplicationSupportsIndirectInputEvents = YES;
				INFOPLIST_KEY_UILaunchStoryboardName = LaunchScreen;
				INFOPLIST_KEY_UIMainStoryboardFile = Main;
				INFOPLIST_KEY_UISupportedInterfaceOrientations_iPad = "UIInterfaceOrientationPortrait UIInterfaceOrientationPortraitUpsideDown UIInterfaceOrientationLandscapeLeft UIInterfaceOrientationLandscapeRight";
				INFOPLIST_KEY_UISupportedInterfaceOrientations_iPhone = "UIInterfaceOrientationPortrait UIInterfaceOrientationLandscapeLeft UIInterfaceOrientationLandscapeRight";
				IPHONEOS_DEPLOYMENT_TARGET = 11.0;
				LD_RUNPATH_SEARCH_PATHS = (
					"$(inherited)",
					"@executable_path/Frameworks",
				);
				MARKETING_VERSION = 1.0;
				PRODUCT_BUNDLE_IDENTIFIER = com.app.Microapp;
				PRODUCT_NAME = "$(TARGET_NAME)";
				SWIFT_EMIT_LOC_STRINGS = YES;
				TARGETED_DEVICE_FAMILY = "1,2";
			};
			name = Release;
		};
/* End XCBuildConfiguration section */

/* Begin XCConfigurationList section */
		C9491A68274C8B4800F70AF5 /* Build configuration list for PBXProject "Microapp" */ = {
			isa = XCConfigurationList;
			buildConfigurations = (
				C9491A84274C8B4C00F70AF5 /* Debug */,
				C9491A85274C8B4C00F70AF5 /* Release */,
			);
			defaultConfigurationIsVisible = 0;
			defaultConfigurationName = Release;
		};
		C9491A86274C8B4C00F70AF5 /* Build configuration list for PBXNativeTarget "Microapp" */ = {
			isa = XCConfigurationList;
			buildConfigurations = (
				C9491A87274C8B4C00F70AF5 /* Debug */,
				C9491A88274C8B4C00F70AF5 /* Release */,
			);
			defaultConfigurationIsVisible = 0;
			defaultConfigurationName = Release;
		};
/* End XCConfigurationList section */
	};
	rootObject = C9491A65274C8B4800F70AF5 /* Project object */;
}
