PODS:
  - NXKit (0.9.8):
    - NXKit/Components (= 0.9.8)
    - NXKit/UI (= 0.9.8)
  - NXKit/Components (0.9.8):
    - NXKit/UI
  - NXKit/UI (0.9.8)

DEPENDENCIES:
  - NXKit (from `../../dev/NXKit`)

EXTERNAL SOURCES:
  NXKit:
    :path: "../../dev/NXKit"

SPEC CHECKSUMS:
  NXKit: bad8eacc69ff557f8a6a2dca4529ab84e042db08

PODFILE CHECKSUM: d25dd35f02657f6277b4ea7481e903d758eb2ad0

COCOAPODS: 1.11.2
