PODS:
  - Flutter (1.0.0)
  - fluttertoast (0.0.2):
    - Flutter
    - Toast
  - NXKit (1.0.0.220416):
    - NXKit/Extensions (= 1.0.0.220416)
    - NXKit/Foundation (= 1.0.0.220416)
  - NXKit/Extensions (1.0.0.220416):
    - NXKit/Foundation
  - NXKit/Foundation (1.0.0.220416)
  - Toast (4.0.0)

DEPENDENCIES:
  - Flutter (from `Flutter`)
  - fluttertoast (from `.symlinks/plugins/fluttertoast/ios`)
  - NXKit (from `../../../../dev/NXKit`)

SPEC REPOS:
  trunk:
    - Toast

EXTERNAL SOURCES:
  Flutter:
    :path: Flutter
  fluttertoast:
    :path: ".symlinks/plugins/fluttertoast/ios"
  NXKit:
    :path: "../../../../dev/NXKit"

SPEC CHECKSUMS:
  Flutter: 50d75fe2f02b26cc09d224853bb45737f8b3214a
  fluttertoast: 6122fa75143e992b1d3470f61000f591a798cc58
  NXKit: fb68abad7881fdcffb22fc534d75325875c86caf
  Toast: 91b396c56ee72a5790816f40d3a94dd357abc196

PODFILE CHECKSUM: 8bc2eb17d51b87825507e38dbf2217e0406c4e2a

COCOAPODS: 1.11.3
